// !$*UTF8*$!
{
	archiveVersion = 1;
	classes = {
	};
	objectVersion = 56;
	objects = {

/* Begin PBXBuildFile section */
		395F16F82B9B8497001704A3 /* BuscadorView.swift in Sources */ = {isa = PBXBuildFile; fileRef = 395F16F72B9B8497001704A3 /* BuscadorView.swift */; };
		396F29722BA0E6C800195C91 /* SearchView.swift in Sources */ = {isa = PBXBuildFile; fileRef = 396F29712BA0E6C800195C91 /* SearchView.swift */; };
		396F29742BA10A7100195C91 /* FavoritesView.swift in Sources */ = {isa = PBXBuildFile; fileRef = 396F29732BA10A7100195C91 /* FavoritesView.swift */; };
		398BC3F82B992D640053A16D /* nasaAPIApp.swift in Sources */ = {isa = PBXBuildFile; fileRef = 398BC3F72B992D640053A16D /* nasaAPIApp.swift */; };
		398BC3FA2B992D640053A16D /* ContentView.swift in Sources */ = {isa = PBXBuildFile; fileRef = 398BC3F92B992D640053A16D /* ContentView.swift */; };
		398BC3FC2B992D650053A16D /* Assets.xcassets in Resources */ = {isa = PBXBuildFile; fileRef = 398BC3FB2B992D650053A16D /* Assets.xcassets */; };
		398BC3FF2B992D650053A16D /* Preview Assets.xcassets in Resources */ = {isa = PBXBuildFile; fileRef = 398BC3FE2B992D650053A16D /* Preview Assets.xcassets */; };
		398BC4092B992D650053A16D /* nasaAPITests.swift in Sources */ = {isa = PBXBuildFile; fileRef = 398BC4082B992D650053A16D /* nasaAPITests.swift */; };
		398BC4132B992D650053A16D /* nasaAPIUITests.swift in Sources */ = {isa = PBXBuildFile; fileRef = 398BC4122B992D650053A16D /* nasaAPIUITests.swift */; };
		398BC4152B992D650053A16D /* nasaAPIUITestsLaunchTests.swift in Sources */ = {isa = PBXBuildFile; fileRef = 398BC4142B992D650053A16D /* nasaAPIUITestsLaunchTests.swift */; };
		398BC4222B992DAC0053A16D /* PhotoModel.swift in Sources */ = {isa = PBXBuildFile; fileRef = 398BC4212B992DAC0053A16D /* PhotoModel.swift */; };
		398BC4242B992ECD0053A16D /* PhotoViewModel.swift in Sources */ = {isa = PBXBuildFile; fileRef = 398BC4232B992ECD0053A16D /* PhotoViewModel.swift */; };
		398BC4262B993B6F0053A16D /* CharacterCardView.swift in Sources */ = {isa = PBXBuildFile; fileRef = 398BC4252B993B6F0053A16D /* CharacterCardView.swift */; };
		398BC4282B994B610053A16D /* NavigationRow.swift in Sources */ = {isa = PBXBuildFile; fileRef = 398BC4272B994B610053A16D /* NavigationRow.swift */; };
		398BC4312B995BAD0053A16D /* USDZView.swift in Sources */ = {isa = PBXBuildFile; fileRef = 398BC4302B995BAD0053A16D /* USDZView.swift */; };
		398BC4382B995F280053A16D /* EARTH.usdz in Resources */ = {isa = PBXBuildFile; fileRef = 398BC4372B995F270053A16D /* EARTH.usdz */; };
		398BC43A2B9960CC0053A16D /* UFO.usdz in Resources */ = {isa = PBXBuildFile; fileRef = 398BC4392B9960CC0053A16D /* UFO.usdz */; };
/* End PBXBuildFile section */

/* Begin PBXContainerItemProxy section */
		398BC4052B992D650053A16D /* PBXContainerItemProxy */ = {
			isa = PBXContainerItemProxy;
			containerPortal = 398BC3EC2B992D640053A16D /* Project object */;
			proxyType = 1;
			remoteGlobalIDString = 398BC3F32B992D640053A16D;
			remoteInfo = nasaAPI;
		};
		398BC40F2B992D650053A16D /* PBXContainerItemProxy */ = {
			isa = PBXContainerItemProxy;
			containerPortal = 398BC3EC2B992D640053A16D /* Project object */;
			proxyType = 1;
			remoteGlobalIDString = 398BC3F32B992D640053A16D;
			remoteInfo = nasaAPI;
		};
/* End PBXContainerItemProxy section */

/* Begin PBXFileReference section */
		395F16F72B9B8497001704A3 /* BuscadorView.swift */ = {isa = PBXFileReference; lastKnownFileType = sourcecode.swift; path = BuscadorView.swift; sourceTree = "<group>"; };
		396F29712BA0E6C800195C91 /* SearchView.swift */ = {isa = PBXFileReference; lastKnownFileType = sourcecode.swift; path = SearchView.swift; sourceTree = "<group>"; };
		396F29732BA10A7100195C91 /* FavoritesView.swift */ = {isa = PBXFileReference; lastKnownFileType = sourcecode.swift; path = FavoritesView.swift; sourceTree = "<group>"; };
		398BC3F42B992D640053A16D /* nasaAPI.app */ = {isa = PBXFileReference; explicitFileType = wrapper.application; includeInIndex = 0; path = nasaAPI.app; sourceTree = BUILT_PRODUCTS_DIR; };
		398BC3F72B992D640053A16D /* nasaAPIApp.swift */ = {isa = PBXFileReference; lastKnownFileType = sourcecode.swift; path = nasaAPIApp.swift; sourceTree = "<group>"; };
		398BC3F92B992D640053A16D /* ContentView.swift */ = {isa = PBXFileReference; lastKnownFileType = sourcecode.swift; path = ContentView.swift; sourceTree = "<group>"; };
		398BC3FB2B992D650053A16D /* Assets.xcassets */ = {isa = PBXFileReference; lastKnownFileType = folder.assetcatalog; path = Assets.xcassets; sourceTree = "<group>"; };
		398BC3FE2B992D650053A16D /* Preview Assets.xcassets */ = {isa = PBXFileReference; lastKnownFileType = folder.assetcatalog; path = "Preview Assets.xcassets"; sourceTree = "<group>"; };
		398BC4042B992D650053A16D /* nasaAPITests.xctest */ = {isa = PBXFileReference; explicitFileType = wrapper.cfbundle; includeInIndex = 0; path = nasaAPITests.xctest; sourceTree = BUILT_PRODUCTS_DIR; };
		398BC4082B992D650053A16D /* nasaAPITests.swift */ = {isa = PBXFileReference; lastKnownFileType = sourcecode.swift; path = nasaAPITests.swift; sourceTree = "<group>"; };
		398BC40E2B992D650053A16D /* nasaAPIUITests.xctest */ = {isa = PBXFileReference; explicitFileType = wrapper.cfbundle; includeInIndex = 0; path = nasaAPIUITests.xctest; sourceTree = BUILT_PRODUCTS_DIR; };
		398BC4122B992D650053A16D /* nasaAPIUITests.swift */ = {isa = PBXFileReference; lastKnownFileType = sourcecode.swift; path = nasaAPIUITests.swift; sourceTree = "<group>"; };
		398BC4142B992D650053A16D /* nasaAPIUITestsLaunchTests.swift */ = {isa = PBXFileReference; lastKnownFileType = sourcecode.swift; path = nasaAPIUITestsLaunchTests.swift; sourceTree = "<group>"; };
		398BC4212B992DAC0053A16D /* PhotoModel.swift */ = {isa = PBXFileReference; lastKnownFileType = sourcecode.swift; path = PhotoModel.swift; sourceTree = "<group>"; };
		398BC4232B992ECD0053A16D /* PhotoViewModel.swift */ = {isa = PBXFileReference; lastKnownFileType = sourcecode.swift; path = PhotoViewModel.swift; sourceTree = "<group>"; };
		398BC4252B993B6F0053A16D /* CharacterCardView.swift */ = {isa = PBXFileReference; lastKnownFileType = sourcecode.swift; path = CharacterCardView.swift; sourceTree = "<group>"; };
		398BC4272B994B610053A16D /* NavigationRow.swift */ = {isa = PBXFileReference; lastKnownFileType = sourcecode.swift; path = NavigationRow.swift; sourceTree = "<group>"; };
		398BC4302B995BAD0053A16D /* USDZView.swift */ = {isa = PBXFileReference; lastKnownFileType = sourcecode.swift; path = USDZView.swift; sourceTree = "<group>"; };
		398BC4372B995F270053A16D /* EARTH.usdz */ = {isa = PBXFileReference; lastKnownFileType = file.usdz; path = EARTH.usdz; sourceTree = "<group>"; };
		398BC4392B9960CC0053A16D /* UFO.usdz */ = {isa = PBXFileReference; lastKnownFileType = file.usdz; path = UFO.usdz; sourceTree = "<group>"; };
/* End PBXFileReference section */

/* Begin PBXFrameworksBuildPhase section */
		398BC3F12B992D640053A16D /* Frameworks */ = {
			isa = PBXFrameworksBuildPhase;
			buildActionMask = 2147483647;
			files = (
			);
			runOnlyForDeploymentPostprocessing = 0;
		};
		398BC4012B992D650053A16D /* Frameworks */ = {
			isa = PBXFrameworksBuildPhase;
			buildActionMask = 2147483647;
			files = (
			);
			runOnlyForDeploymentPostprocessing = 0;
		};
		398BC40B2B992D650053A16D /* Frameworks */ = {
			isa = PBXFrameworksBuildPhase;
			buildActionMask = 2147483647;
			files = (
			);
			runOnlyForDeploymentPostprocessing = 0;
		};
/* End PBXFrameworksBuildPhase section */

/* Begin PBXGroup section */
		398BC3EB2B992D640053A16D = {
			isa = PBXGroup;
			children = (
				398BC3F62B992D640053A16D /* nasaAPI */,
				398BC4072B992D650053A16D /* nasaAPITests */,
				398BC4112B992D650053A16D /* nasaAPIUITests */,
				398BC3F52B992D640053A16D /* Products */,
			);
			sourceTree = "<group>";
		};
		398BC3F52B992D640053A16D /* Products */ = {
			isa = PBXGroup;
			children = (
				398BC3F42B992D640053A16D /* nasaAPI.app */,
				398BC4042B992D650053A16D /* nasaAPITests.xctest */,
				398BC40E2B992D650053A16D /* nasaAPIUITests.xctest */,
			);
			name = Products;
			sourceTree = "<group>";
		};
		398BC3F62B992D640053A16D /* nasaAPI */ = {
			isa = PBXGroup;
			children = (
				398BC42D2B995B5D0053A16D /* 3DModel */,
				398BC42A2B9956BA0053A16D /* Model */,
				398BC4292B9956B30053A16D /* View */,
				398BC3FB2B992D650053A16D /* Assets.xcassets */,
				398BC3FD2B992D650053A16D /* Preview Content */,
			);
			path = nasaAPI;
			sourceTree = "<group>";
		};
		398BC3FD2B992D650053A16D /* Preview Content */ = {
			isa = PBXGroup;
			children = (
				398BC3FE2B992D650053A16D /* Preview Assets.xcassets */,
			);
			path = "Preview Content";
			sourceTree = "<group>";
		};
		398BC4072B992D650053A16D /* nasaAPITests */ = {
			isa = PBXGroup;
			children = (
				398BC4082B992D650053A16D /* nasaAPITests.swift */,
			);
			path = nasaAPITests;
			sourceTree = "<group>";
		};
		398BC4112B992D650053A16D /* nasaAPIUITests */ = {
			isa = PBXGroup;
			children = (
				398BC4122B992D650053A16D /* nasaAPIUITests.swift */,
				398BC4142B992D650053A16D /* nasaAPIUITestsLaunchTests.swift */,
			);
			path = nasaAPIUITests;
			sourceTree = "<group>";
		};
		398BC4292B9956B30053A16D /* View */ = {
			isa = PBXGroup;
			children = (
				398BC3F72B992D640053A16D /* nasaAPIApp.swift */,
				398BC3F92B992D640053A16D /* ContentView.swift */,
				398BC4252B993B6F0053A16D /* CharacterCardView.swift */,
				398BC4272B994B610053A16D /* NavigationRow.swift */,
				398BC4302B995BAD0053A16D /* USDZView.swift */,
				396F29712BA0E6C800195C91 /* SearchView.swift */,
				395F16F72B9B8497001704A3 /* BuscadorView.swift */,
				396F29732BA10A7100195C91 /* FavoritesView.swift */,
			);
			path = View;
			sourceTree = "<group>";
		};
		398BC42A2B9956BA0053A16D /* Model */ = {
			isa = PBXGroup;
			children = (
				398BC4232B992ECD0053A16D /* PhotoViewModel.swift */,
				398BC4212B992DAC0053A16D /* PhotoModel.swift */,
			);
			path = Model;
			sourceTree = "<group>";
		};
		398BC42D2B995B5D0053A16D /* 3DModel */ = {
			isa = PBXGroup;
			children = (
				398BC4372B995F270053A16D /* EARTH.usdz */,
				398BC4392B9960CC0053A16D /* UFO.usdz */,
			);
			path = 3DModel;
			sourceTree = "<group>";
		};
/* End PBXGroup section */

/* Begin PBXNativeTarget section */
		398BC3F32B992D640053A16D /* nasaAPI */ = {
			isa = PBXNativeTarget;
			buildConfigurationList = 398BC4182B992D650053A16D /* Build configuration list for PBXNativeTarget "nasaAPI" */;
			buildPhases = (
				398BC3F02B992D640053A16D /* Sources */,
				398BC3F12B992D640053A16D /* Frameworks */,
				398BC3F22B992D640053A16D /* Resources */,
			);
			buildRules = (
			);
			dependencies = (
			);
			name = nasaAPI;
			productName = nasaAPI;
			productReference = 398BC3F42B992D640053A16D /* nasaAPI.app */;
			productType = "com.apple.product-type.application";
		};
		398BC4032B992D650053A16D /* nasaAPITests */ = {
			isa = PBXNativeTarget;
			buildConfigurationList = 398BC41B2B992D650053A16D /* Build configuration list for PBXNativeTarget "nasaAPITests" */;
			buildPhases = (
				398BC4002B992D650053A16D /* Sources */,
				398BC4012B992D650053A16D /* Frameworks */,
				398BC4022B992D650053A16D /* Resources */,
			);
			buildRules = (
			);
			dependencies = (
				398BC4062B992D650053A16D /* PBXTargetDependency */,
			);
			name = nasaAPITests;
			productName = nasaAPITests;
			productReference = 398BC4042B992D650053A16D /* nasaAPITests.xctest */;
			productType = "com.apple.product-type.bundle.unit-test";
		};
		398BC40D2B992D650053A16D /* nasaAPIUITests */ = {
			isa = PBXNativeTarget;
			buildConfigurationList = 398BC41E2B992D650053A16D /* Build configuration list for PBXNativeTarget "nasaAPIUITests" */;
			buildPhases = (
				398BC40A2B992D650053A16D /* Sources */,
				398BC40B2B992D650053A16D /* Frameworks */,
				398BC40C2B992D650053A16D /* Resources */,
			);
			buildRules = (
			);
			dependencies = (
				398BC4102B992D650053A16D /* PBXTargetDependency */,
			);
			name = nasaAPIUITests;
			productName = nasaAPIUITests;
			productReference = 398BC40E2B992D650053A16D /* nasaAPIUITests.xctest */;
			productType = "com.apple.product-type.bundle.ui-testing";
		};
/* End PBXNativeTarget section */

/* Begin PBXProject section */
		398BC3EC2B992D640053A16D /* Project object */ = {
			isa = PBXProject;
			attributes = {
				BuildIndependentTargetsInParallel = 1;
				LastSwiftUpdateCheck = 1520;
				LastUpgradeCheck = 1520;
				TargetAttributes = {
					398BC3F32B992D640053A16D = {
						CreatedOnToolsVersion = 15.2;
					};
					398BC4032B992D650053A16D = {
						CreatedOnToolsVersion = 15.2;
						TestTargetID = 398BC3F32B992D640053A16D;
					};
					398BC40D2B992D650053A16D = {
						CreatedOnToolsVersion = 15.2;
						TestTargetID = 398BC3F32B992D640053A16D;
					};
				};
			};
			buildConfigurationList = 398BC3EF2B992D640053A16D /* Build configuration list for PBXProject "nasaAPI" */;
			compatibilityVersion = "Xcode 14.0";
			developmentRegion = en;
			hasScannedForEncodings = 0;
			knownRegions = (
				en,
				Base,
			);
			mainGroup = 398BC3EB2B992D640053A16D;
			productRefGroup = 398BC3F52B992D640053A16D /* Products */;
			projectDirPath = "";
			projectRoot = "";
			targets = (
				398BC3F32B992D640053A16D /* nasaAPI */,
				398BC4032B992D650053A16D /* nasaAPITests */,
				398BC40D2B992D650053A16D /* nasaAPIUITests */,
			);
		};
/* End PBXProject section */

/* Begin PBXResourcesBuildPhase section */
		398BC3F22B992D640053A16D /* Resources */ = {
			isa = PBXResourcesBuildPhase;
			buildActionMask = 2147483647;
			files = (
				398BC3FF2B992D650053A16D /* Preview Assets.xcassets in Resources */,
				398BC4382B995F280053A16D /* EARTH.usdz in Resources */,
				398BC43A2B9960CC0053A16D /* UFO.usdz in Resources */,
				398BC3FC2B992D650053A16D /* Assets.xcassets in Resources */,
			);
			runOnlyForDeploymentPostprocessing = 0;
		};
		398BC4022B992D650053A16D /* Resources */ = {
			isa = PBXResourcesBuildPhase;
			buildActionMask = 2147483647;
			files = (
			);
			runOnlyForDeploymentPostprocessing = 0;
		};
		398BC40C2B992D650053A16D /* Resources */ = {
			isa = PBXResourcesBuildPhase;
			buildActionMask = 2147483647;
			files = (
			);
			runOnlyForDeploymentPostprocessing = 0;
		};
/* End PBXResourcesBuildPhase section */

/* Begin PBXSourcesBuildPhase section */
		398BC3F02B992D640053A16D /* Sources */ = {
			isa = PBXSourcesBuildPhase;
			buildActionMask = 2147483647;
			files = (
				396F29742BA10A7100195C91 /* FavoritesView.swift in Sources */,
				395F16F82B9B8497001704A3 /* BuscadorView.swift in Sources */,
				396F29722BA0E6C800195C91 /* SearchView.swift in Sources */,
				398BC4282B994B610053A16D /* NavigationRow.swift in Sources */,
				398BC4262B993B6F0053A16D /* CharacterCardView.swift in Sources */,
				398BC4312B995BAD0053A16D /* USDZView.swift in Sources */,
				398BC4222B992DAC0053A16D /* PhotoModel.swift in Sources */,
				398BC4242B992ECD0053A16D /* PhotoViewModel.swift in Sources */,
				398BC3FA2B992D640053A16D /* ContentView.swift in Sources */,
				398BC3F82B992D640053A16D /* nasaAPIApp.swift in Sources */,
			);
			runOnlyForDeploymentPostprocessing = 0;
		};
		398BC4002B992D650053A16D /* Sources */ = {
			isa = PBXSourcesBuildPhase;
			buildActionMask = 2147483647;
			files = (
				398BC4092B992D650053A16D /* nasaAPITests.swift in Sources */,
			);
			runOnlyForDeploymentPostprocessing = 0;
		};
		398BC40A2B992D650053A16D /* Sources */ = {
			isa = PBXSourcesBuildPhase;
			buildActionMask = 2147483647;
			files = (
				398BC4152B992D650053A16D /* nasaAPIUITestsLaunchTests.swift in Sources */,
				398BC4132B992D650053A16D /* nasaAPIUITests.swift in Sources */,
			);
			runOnlyForDeploymentPostprocessing = 0;
		};
/* End PBXSourcesBuildPhase section */

/* Begin PBXTargetDependency section */
		398BC4062B992D650053A16D /* PBXTargetDependency */ = {
			isa = PBXTargetDependency;
			target = 398BC3F32B992D640053A16D /* nasaAPI */;
			targetProxy = 398BC4052B992D650053A16D /* PBXContainerItemProxy */;
		};
		398BC4102B992D650053A16D /* PBXTargetDependency */ = {
			isa = PBXTargetDependency;
			target = 398BC3F32B992D640053A16D /* nasaAPI */;
			targetProxy = 398BC40F2B992D650053A16D /* PBXContainerItemProxy */;
		};
/* End PBXTargetDependency section */

/* Begin XCBuildConfiguration section */
		398BC4162B992D650053A16D /* Debug */ = {
			isa = XCBuildConfiguration;
			buildSettings = {
				ALWAYS_SEARCH_USER_PATHS = NO;
				ASSETCATALOG_COMPILER_GENERATE_SWIFT_ASSET_SYMBOL_EXTENSIONS = YES;
				CLANG_ANALYZER_NONNULL = YES;
				CLANG_ANALYZER_NUMBER_OBJECT_CONVERSION = YES_AGGRESSIVE;
				CLANG_CXX_LANGUAGE_STANDARD = "gnu++20";
				CLANG_ENABLE_MODULES = YES;
				CLANG_ENABLE_OBJC_ARC = YES;
				CLANG_ENABLE_OBJC_WEAK = YES;
				CLANG_WARN_BLOCK_CAPTURE_AUTORELEASING = YES;
				CLANG_WARN_BOOL_CONVERSION = YES;
				CLANG_WARN_COMMA = YES;
				CLANG_WARN_CONSTANT_CONVERSION = YES;
				CLANG_WARN_DEPRECATED_OBJC_IMPLEMENTATIONS = YES;
				CLANG_WARN_DIRECT_OBJC_ISA_USAGE = YES_ERROR;
				CLANG_WARN_DOCUMENTATION_COMMENTS = YES;
				CLANG_WARN_EMPTY_BODY = YES;
				CLANG_WARN_ENUM_CONVERSION = YES;
				CLANG_WARN_INFINITE_RECURSION = YES;
				CLANG_WARN_INT_CONVERSION = YES;
				CLANG_WARN_NON_LITERAL_NULL_CONVERSION = YES;
				CLANG_WARN_OBJC_IMPLICIT_RETAIN_SELF = YES;
				CLANG_WARN_OBJC_LITERAL_CONVERSION = YES;
				CLANG_WARN_OBJC_ROOT_CLASS = YES_ERROR;
				CLANG_WARN_QUOTED_INCLUDE_IN_FRAMEWORK_HEADER = YES;
				CLANG_WARN_RANGE_LOOP_ANALYSIS = YES;
				CLANG_WARN_STRICT_PROTOTYPES = YES;
				CLANG_WARN_SUSPICIOUS_MOVE = YES;
				CLANG_WARN_UNGUARDED_AVAILABILITY = YES_AGGRESSIVE;
				CLANG_WARN_UNREACHABLE_CODE = YES;
				CLANG_WARN__DUPLICATE_METHOD_MATCH = YES;
				COPY_PHASE_STRIP = NO;
				DEBUG_INFORMATION_FORMAT = dwarf;
				ENABLE_STRICT_OBJC_MSGSEND = YES;
				ENABLE_TESTABILITY = YES;
				ENABLE_USER_SCRIPT_SANDBOXING = YES;
				GCC_C_LANGUAGE_STANDARD = gnu17;
				GCC_DYNAMIC_NO_PIC = NO;
				GCC_NO_COMMON_BLOCKS = YES;
				GCC_OPTIMIZATION_LEVEL = 0;
				GCC_PREPROCESSOR_DEFINITIONS = (
					"DEBUG=1",
					"$(inherited)",
				);
				GCC_WARN_64_TO_32_BIT_CONVERSION = YES;
				GCC_WARN_ABOUT_RETURN_TYPE = YES_ERROR;
				GCC_WARN_UNDECLARED_SELECTOR = YES;
				GCC_WARN_UNINITIALIZED_AUTOS = YES_AGGRESSIVE;
				GCC_WARN_UNUSED_FUNCTION = YES;
				GCC_WARN_UNUSED_VARIABLE = YES;
				IPHONEOS_DEPLOYMENT_TARGET = 17.2;
				LOCALIZATION_PREFERS_STRING_CATALOGS = YES;
				MTL_ENABLE_DEBUG_INFO = INCLUDE_SOURCE;
				MTL_FAST_MATH = YES;
				ONLY_ACTIVE_ARCH = YES;
				SDKROOT = iphoneos;
				SWIFT_ACTIVE_COMPILATION_CONDITIONS = "DEBUG $(inherited)";
				SWIFT_OPTIMIZATION_LEVEL = "-Onone";
			};
			name = Debug;
		};
		398BC4172B992D650053A16D /* Release */ = {
			isa = XCBuildConfiguration;
			buildSettings = {
				ALWAYS_SEARCH_USER_PATHS = NO;
				ASSETCATALOG_COMPILER_GENERATE_SWIFT_ASSET_SYMBOL_EXTENSIONS = YES;
				CLANG_ANALYZER_NONNULL = YES;
				CLANG_ANALYZER_NUMBER_OBJECT_CONVERSION = YES_AGGRESSIVE;
				CLANG_CXX_LANGUAGE_STANDARD = "gnu++20";
				CLANG_ENABLE_MODULES = YES;
				CLANG_ENABLE_OBJC_ARC = YES;
				CLANG_ENABLE_OBJC_WEAK = YES;
				CLANG_WARN_BLOCK_CAPTURE_AUTORELEASING = YES;
				CLANG_WARN_BOOL_CONVERSION = YES;
				CLANG_WARN_COMMA = YES;
				CLANG_WARN_CONSTANT_CONVERSION = YES;
				CLANG_WARN_DEPRECATED_OBJC_IMPLEMENTATIONS = YES;
				CLANG_WARN_DIRECT_OBJC_ISA_USAGE = YES_ERROR;
				CLANG_WARN_DOCUMENTATION_COMMENTS = YES;
				CLANG_WARN_EMPTY_BODY = YES;
				CLANG_WARN_ENUM_CONVERSION = YES;
				CLANG_WARN_INFINITE_RECURSION = YES;
				CLANG_WARN_INT_CONVERSION = YES;
				CLANG_WARN_NON_LITERAL_NULL_CONVERSION = YES;
				CLANG_WARN_OBJC_IMPLICIT_RETAIN_SELF = YES;
				CLANG_WARN_OBJC_LITERAL_CONVERSION = YES;
				CLANG_WARN_OBJC_ROOT_CLASS = YES_ERROR;
				CLANG_WARN_QUOTED_INCLUDE_IN_FRAMEWORK_HEADER = YES;
				CLANG_WARN_RANGE_LOOP_ANALYSIS = YES;
				CLANG_WARN_STRICT_PROTOTYPES = YES;
				CLANG_WARN_SUSPICIOUS_MOVE = YES;
				CLANG_WARN_UNGUARDED_AVAILABILITY = YES_AGGRESSIVE;
				CLANG_WARN_UNREACHABLE_CODE = YES;
				CLANG_WARN__DUPLICATE_METHOD_MATCH = YES;
				COPY_PHASE_STRIP = NO;
				DEBUG_INFORMATION_FORMAT = "dwarf-with-dsym";
				ENABLE_NS_ASSERTIONS = NO;
				ENABLE_STRICT_OBJC_MSGSEND = YES;
				ENABLE_USER_SCRIPT_SANDBOXING = YES;
				GCC_C_LANGUAGE_STANDARD = gnu17;
				GCC_NO_COMMON_BLOCKS = YES;
				GCC_WARN_64_TO_32_BIT_CONVERSION = YES;
				GCC_WARN_ABOUT_RETURN_TYPE = YES_ERROR;
				GCC_WARN_UNDECLARED_SELECTOR = YES;
				GCC_WARN_UNINITIALIZED_AUTOS = YES_AGGRESSIVE;
				GCC_WARN_UNUSED_FUNCTION = YES;
				GCC_WARN_UNUSED_VARIABLE = YES;
				IPHONEOS_DEPLOYMENT_TARGET = 17.2;
				LOCALIZATION_PREFERS_STRING_CATALOGS = YES;
				MTL_ENABLE_DEBUG_INFO = NO;
				MTL_FAST_MATH = YES;
				SDKROOT = iphoneos;
				SWIFT_COMPILATION_MODE = wholemodule;
				VALIDATE_PRODUCT = YES;
			};
			name = Release;
		};
		398BC4192B992D650053A16D /* Debug */ = {
			isa = XCBuildConfiguration;
			buildSettings = {
				ASSETCATALOG_COMPILER_APPICON_NAME = AppIcon;
				ASSETCATALOG_COMPILER_GLOBAL_ACCENT_COLOR_NAME = AccentColor;
				CODE_SIGN_STYLE = Automatic;
				CURRENT_PROJECT_VERSION = 1;
				DEVELOPMENT_ASSET_PATHS = "\"nasaAPI/Preview Content\"";
				DEVELOPMENT_TEAM = 8ZQ9K94C68;
				ENABLE_PREVIEWS = YES;
				GENERATE_INFOPLIST_FILE = YES;
				INFOPLIST_KEY_UIApplicationSceneManifest_Generation = YES;
				INFOPLIST_KEY_UIApplicationSupportsIndirectInputEvents = YES;
				INFOPLIST_KEY_UILaunchScreen_Generation = YES;
				INFOPLIST_KEY_UISupportedInterfaceOrientations_iPad = "UIInterfaceOrientationPortrait UIInterfaceOrientationPortraitUpsideDown UIInterfaceOrientationLandscapeLeft UIInterfaceOrientationLandscapeRight";
				INFOPLIST_KEY_UISupportedInterfaceOrientations_iPhone = "UIInterfaceOrientationPortrait UIInterfaceOrientationLandscapeLeft UIInterfaceOrientationLandscapeRight";
				LD_RUNPATH_SEARCH_PATHS = (
					"$(inherited)",
					"@executable_path/Frameworks",
				);
				MARKETING_VERSION = 1.0;
				PRODUCT_BUNDLE_IDENTIFIER = mx.itesm.nasaAPI;
				PRODUCT_NAME = "$(TARGET_NAME)";
				SWIFT_EMIT_LOC_STRINGS = YES;
				SWIFT_VERSION = 5.0;
				TARGETED_DEVICE_FAMILY = "1,2";
			};
			name = Debug;
		};
		398BC41A2B992D650053A16D /* Release */ = {
			isa = XCBuildConfiguration;
			buildSettings = {
				ASSETCATALOG_COMPILER_APPICON_NAME = AppIcon;
				ASSETCATALOG_COMPILER_GLOBAL_ACCENT_COLOR_NAME = AccentColor;
				CODE_SIGN_STYLE = Automatic;
				CURRENT_PROJECT_VERSION = 1;
				DEVELOPMENT_ASSET_PATHS = "\"nasaAPI/Preview Content\"";
				DEVELOPMENT_TEAM = 8ZQ9K94C68;
				ENABLE_PREVIEWS = YES;
				GENERATE_INFOPLIST_FILE = YES;
				INFOPLIST_KEY_UIApplicationSceneManifest_Generation = YES;
				INFOPLIST_KEY_UIApplicationSupportsIndirectInputEvents = YES;
				INFOPLIST_KEY_UILaunchScreen_Generation = YES;
				INFOPLIST_KEY_UISupportedInterfaceOrientations_iPad = "UIInterfaceOrientationPortrait UIInterfaceOrientationPortraitUpsideDown UIInterfaceOrientationLandscapeLeft UIInterfaceOrientationLandscapeRight";
				INFOPLIST_KEY_UISupportedInterfaceOrientations_iPhone = "UIInterfaceOrientationPortrait UIInterfaceOrientationLandscapeLeft UIInterfaceOrientationLandscapeRight";
				LD_RUNPATH_SEARCH_PATHS = (
					"$(inherited)",
					"@executable_path/Frameworks",
				);
				MARKETING_VERSION = 1.0;
				PRODUCT_BUNDLE_IDENTIFIER = mx.itesm.nasaAPI;
				PRODUCT_NAME = "$(TARGET_NAME)";
				SWIFT_EMIT_LOC_STRINGS = YES;
				SWIFT_VERSION = 5.0;
				TARGETED_DEVICE_FAMILY = "1,2";
			};
			name = Release;
		};
		398BC41C2B992D650053A16D /* Debug */ = {
			isa = XCBuildConfiguration;
			buildSettings = {
				ALWAYS_EMBED_SWIFT_STANDARD_LIBRARIES = YES;
				BUNDLE_LOADER = "$(TEST_HOST)";
				CODE_SIGN_STYLE = Automatic;
				CURRENT_PROJECT_VERSION = 1;
				DEVELOPMENT_TEAM = 8ZQ9K94C68;
				GENERATE_INFOPLIST_FILE = YES;
				IPHONEOS_DEPLOYMENT_TARGET = 17.2;
				MARKETING_VERSION = 1.0;
				PRODUCT_BUNDLE_IDENTIFIER = mx.itesm.nasaAPITests;
				PRODUCT_NAME = "$(TARGET_NAME)";
				SWIFT_EMIT_LOC_STRINGS = NO;
				SWIFT_VERSION = 5.0;
				TARGETED_DEVICE_FAMILY = "1,2";
				TEST_HOST = "$(BUILT_PRODUCTS_DIR)/nasaAPI.app/$(BUNDLE_EXECUTABLE_FOLDER_PATH)/nasaAPI";
			};
			name = Debug;
		};
		398BC41D2B992D650053A16D /* Release */ = {
			isa = XCBuildConfiguration;
			buildSettings = {
				ALWAYS_EMBED_SWIFT_STANDARD_LIBRARIES = YES;
				BUNDLE_LOADER = "$(TEST_HOST)";
				CODE_SIGN_STYLE = Automatic;
				CURRENT_PROJECT_VERSION = 1;
				DEVELOPMENT_TEAM = 8ZQ9K94C68;
				GENERATE_INFOPLIST_FILE = YES;
				IPHONEOS_DEPLOYMENT_TARGET = 17.2;
				MARKETING_VERSION = 1.0;
				PRODUCT_BUNDLE_IDENTIFIER = mx.itesm.nasaAPITests;
				PRODUCT_NAME = "$(TARGET_NAME)";
				SWIFT_EMIT_LOC_STRINGS = NO;
				SWIFT_VERSION = 5.0;
				TARGETED_DEVICE_FAMILY = "1,2";
				TEST_HOST = "$(BUILT_PRODUCTS_DIR)/nasaAPI.app/$(BUNDLE_EXECUTABLE_FOLDER_PATH)/nasaAPI";
			};
			name = Release;
		};
		398BC41F2B992D650053A16D /* Debug */ = {
			isa = XCBuildConfiguration;
			buildSettings = {
				ALWAYS_EMBED_SWIFT_STANDARD_LIBRARIES = YES;
				CODE_SIGN_STYLE = Automatic;
				CURRENT_PROJECT_VERSION = 1;
				DEVELOPMENT_TEAM = 8ZQ9K94C68;
				GENERATE_INFOPLIST_FILE = YES;
				MARKETING_VERSION = 1.0;
				PRODUCT_BUNDLE_IDENTIFIER = mx.itesm.nasaAPIUITests;
				PRODUCT_NAME = "$(TARGET_NAME)";
				SWIFT_EMIT_LOC_STRINGS = NO;
				SWIFT_VERSION = 5.0;
				TARGETED_DEVICE_FAMILY = "1,2";
				TEST_TARGET_NAME = nasaAPI;
			};
			name = Debug;
		};
		398BC4202B992D650053A16D /* Release */ = {
			isa = XCBuildConfiguration;
			buildSettings = {
				ALWAYS_EMBED_SWIFT_STANDARD_LIBRARIES = YES;
				CODE_SIGN_STYLE = Automatic;
				CURRENT_PROJECT_VERSION = 1;
				DEVELOPMENT_TEAM = 8ZQ9K94C68;
				GENERATE_INFOPLIST_FILE = YES;
				MARKETING_VERSION = 1.0;
				PRODUCT_BUNDLE_IDENTIFIER = mx.itesm.nasaAPIUITests;
				PRODUCT_NAME = "$(TARGET_NAME)";
				SWIFT_EMIT_LOC_STRINGS = NO;
				SWIFT_VERSION = 5.0;
				TARGETED_DEVICE_FAMILY = "1,2";
				TEST_TARGET_NAME = nasaAPI;
			};
			name = Release;
		};
/* End XCBuildConfiguration section */

/* Begin XCConfigurationList section */
		398BC3EF2B992D640053A16D /* Build configuration list for PBXProject "nasaAPI" */ = {
			isa = XCConfigurationList;
			buildConfigurations = (
				398BC4162B992D650053A16D /* Debug */,
				398BC4172B992D650053A16D /* Release */,
			);
			defaultConfigurationIsVisible = 0;
			defaultConfigurationName = Release;
		};
		398BC4182B992D650053A16D /* Build configuration list for PBXNativeTarget "nasaAPI" */ = {
			isa = XCConfigurationList;
			buildConfigurations = (
				398BC4192B992D650053A16D /* Debug */,
				398BC41A2B992D650053A16D /* Release */,
			);
			defaultConfigurationIsVisible = 0;
			defaultConfigurationName = Release;
		};
		398BC41B2B992D650053A16D /* Build configuration list for PBXNativeTarget "nasaAPITests" */ = {
			isa = XCConfigurationList;
			buildConfigurations = (
				398BC41C2B992D650053A16D /* Debug */,
				398BC41D2B992D650053A16D /* Release */,
			);
			defaultConfigurationIsVisible = 0;
			defaultConfigurationName = Release;
		};
		398BC41E2B992D650053A16D /* Build configuration list for PBXNativeTarget "nasaAPIUITests" */ = {
			isa = XCConfigurationList;
			buildConfigurations = (
				398BC41F2B992D650053A16D /* Debug */,
				398BC4202B992D650053A16D /* Release */,
			);
			defaultConfigurationIsVisible = 0;
			defaultConfigurationName = Release;
		};
/* End XCConfigurationList section */
	};
	rootObject = 398BC3EC2B992D640053A16D /* Project object */;
}
